// !$*UTF8*$!
{
	archiveVersion = 1;
	classes = {
	};
	objectVersion = 46;
	objects = {

/* Begin PBXBuildFile section */
		2C23D5591D33527A003B7414 /* TrendingCell.swift in Sources */ = {isa = PBXBuildFile; fileRef = 2C23D5581D33527A003B7414 /* TrendingCell.swift */; };
		2C23D55B1D33588F003B7414 /* SubscriptionCell.swift in Sources */ = {isa = PBXBuildFile; fileRef = 2C23D55A1D33588F003B7414 /* SubscriptionCell.swift */; };
		2C3D611D1D26E1190046D2F9 /* ApiService.swift in Sources */ = {isa = PBXBuildFile; fileRef = 2C3D611C1D26E1190046D2F9 /* ApiService.swift */; };
		2C3D611F1D2AEAEF0046D2F9 /* FeedCell.swift in Sources */ = {isa = PBXBuildFile; fileRef = 2C3D611E1D2AEAEF0046D2F9 /* FeedCell.swift */; };
		2C4B29341D077634004B3C30 /* AppDelegate.swift in Sources */ = {isa = PBXBuildFile; fileRef = 2C4B29331D077634004B3C30 /* AppDelegate.swift */; };
		2C4B29361D077634004B3C30 /* HomeViewController.swift in Sources */ = {isa = PBXBuildFile; fileRef = 2C4B29351D077634004B3C30 /* HomeViewController.swift */; };
		2C4B29391D077634004B3C30 /* Main.storyboard in Resources */ = {isa = PBXBuildFile; fileRef = 2C4B29371D077634004B3C30 /* Main.storyboard */; };
		2C4B293C1D077634004B3C30 /* YouTube.xcdatamodeld in Sources */ = {isa = PBXBuildFile; fileRef = 2C4B293A1D077634004B3C30 /* YouTube.xcdatamodeld */; };
		2C4B293E1D077634004B3C30 /* Assets.xcassets in Resources */ = {isa = PBXBuildFile; fileRef = 2C4B293D1D077634004B3C30 /* Assets.xcassets */; };
		2C4B29411D077634004B3C30 /* LaunchScreen.storyboard in Resources */ = {isa = PBXBuildFile; fileRef = 2C4B293F1D077634004B3C30 /* LaunchScreen.storyboard */; };
		2C4B294C1D077634004B3C30 /* YouTubeTests.swift in Sources */ = {isa = PBXBuildFile; fileRef = 2C4B294B1D077634004B3C30 /* YouTubeTests.swift */; };
		2C4B29571D077634004B3C30 /* YouTubeUITests.swift in Sources */ = {isa = PBXBuildFile; fileRef = 2C4B29561D077634004B3C30 /* YouTubeUITests.swift */; };
		2C4B29661D07903B004B3C30 /* Extensions.swift in Sources */ = {isa = PBXBuildFile; fileRef = 2C4B29651D07903B004B3C30 /* Extensions.swift */; };
		2C4B29691D0790AC004B3C30 /* VideoCell.swift in Sources */ = {isa = PBXBuildFile; fileRef = 2C4B29681D0790AC004B3C30 /* VideoCell.swift */; };
		2C4B296F1D08D839004B3C30 /* MenuBar.swift in Sources */ = {isa = PBXBuildFile; fileRef = 2C4B296E1D08D839004B3C30 /* MenuBar.swift */; };
		2C7E198D1D10483D00638CE9 /* Video.swift in Sources */ = {isa = PBXBuildFile; fileRef = 2C7E198C1D10483D00638CE9 /* Video.swift */; };
		2C8FF3961D18844F00751368 /* SettingsLauncher.swift in Sources */ = {isa = PBXBuildFile; fileRef = 2C8FF3951D18844F00751368 /* SettingsLauncher.swift */; };
		2CCDC8371D1C3FF400E2D83F /* SettingCell.swift in Sources */ = {isa = PBXBuildFile; fileRef = 2CCDC8361D1C3FF400E2D83F /* SettingCell.swift */; };
/* End PBXBuildFile section */

/* Begin PBXContainerItemProxy section */
		2C4B29481D077634004B3C30 /* PBXContainerItemProxy */ = {
			isa = PBXContainerItemProxy;
			containerPortal = 2C4B29281D077634004B3C30 /* Project object */;
			proxyType = 1;
			remoteGlobalIDString = 2C4B292F1D077634004B3C30;
			remoteInfo = YouTube;
		};
		2C4B29531D077634004B3C30 /* PBXContainerItemProxy */ = {
			isa = PBXContainerItemProxy;
			containerPortal = 2C4B29281D077634004B3C30 /* Project object */;
			proxyType = 1;
			remoteGlobalIDString = 2C4B292F1D077634004B3C30;
			remoteInfo = YouTube;
		};
/* End PBXContainerItemProxy section */

/* Begin PBXFileReference section */
		2C23D5581D33527A003B7414 /* TrendingCell.swift */ = {isa = PBXFileReference; fileEncoding = 4; lastKnownFileType = sourcecode.swift; name = TrendingCell.swift; path = View/TrendingCell.swift; sourceTree = "<group>"; };
		2C23D55A1D33588F003B7414 /* SubscriptionCell.swift */ = {isa = PBXFileReference; fileEncoding = 4; lastKnownFileType = sourcecode.swift; name = SubscriptionCell.swift; path = View/SubscriptionCell.swift; sourceTree = "<group>"; };
		2C3D611C1D26E1190046D2F9 /* ApiService.swift */ = {isa = PBXFileReference; fileEncoding = 4; lastKnownFileType = sourcecode.swift; name = ApiService.swift; path = ApiService/ApiService.swift; sourceTree = "<group>"; };
		2C3D611E1D2AEAEF0046D2F9 /* FeedCell.swift */ = {isa = PBXFileReference; fileEncoding = 4; lastKnownFileType = sourcecode.swift; name = FeedCell.swift; path = View/FeedCell.swift; sourceTree = "<group>"; };
		2C4B29301D077634004B3C30 /* YouTube.app */ = {isa = PBXFileReference; explicitFileType = wrapper.application; includeInIndex = 0; path = YouTube.app; sourceTree = BUILT_PRODUCTS_DIR; };
		2C4B29331D077634004B3C30 /* AppDelegate.swift */ = {isa = PBXFileReference; lastKnownFileType = sourcecode.swift; path = AppDelegate.swift; sourceTree = "<group>"; };
		2C4B29351D077634004B3C30 /* HomeViewController.swift */ = {isa = PBXFileReference; lastKnownFileType = sourcecode.swift; path = HomeViewController.swift; sourceTree = "<group>"; };
		2C4B29381D077634004B3C30 /* Base */ = {isa = PBXFileReference; lastKnownFileType = file.storyboard; name = Base; path = Base.lproj/Main.storyboard; sourceTree = "<group>"; };
		2C4B293B1D077634004B3C30 /* YouTube.xcdatamodel */ = {isa = PBXFileReference; lastKnownFileType = wrapper.xcdatamodel; path = YouTube.xcdatamodel; sourceTree = "<group>"; };
		2C4B293D1D077634004B3C30 /* Assets.xcassets */ = {isa = PBXFileReference; lastKnownFileType = folder.assetcatalog; path = Assets.xcassets; sourceTree = "<group>"; };
		2C4B29401D077634004B3C30 /* Base */ = {isa = PBXFileReference; lastKnownFileType = file.storyboard; name = Base; path = Base.lproj/LaunchScreen.storyboard; sourceTree = "<group>"; };
		2C4B29421D077634004B3C30 /* Info.plist */ = {isa = PBXFileReference; lastKnownFileType = text.plist.xml; path = Info.plist; sourceTree = "<group>"; };
		2C4B29471D077634004B3C30 /* YouTubeTests.xctest */ = {isa = PBXFileReference; explicitFileType = wrapper.cfbundle; includeInIndex = 0; path = YouTubeTests.xctest; sourceTree = BUILT_PRODUCTS_DIR; };
		2C4B294B1D077634004B3C30 /* YouTubeTests.swift */ = {isa = PBXFileReference; lastKnownFileType = sourcecode.swift; path = YouTubeTests.swift; sourceTree = "<group>"; };
		2C4B294D1D077634004B3C30 /* Info.plist */ = {isa = PBXFileReference; lastKnownFileType = text.plist.xml; path = Info.plist; sourceTree = "<group>"; };
		2C4B29521D077634004B3C30 /* YouTubeUITests.xctest */ = {isa = PBXFileReference; explicitFileType = wrapper.cfbundle; includeInIndex = 0; path = YouTubeUITests.xctest; sourceTree = BUILT_PRODUCTS_DIR; };
		2C4B29561D077634004B3C30 /* YouTubeUITests.swift */ = {isa = PBXFileReference; lastKnownFileType = sourcecode.swift; path = YouTubeUITests.swift; sourceTree = "<group>"; };
		2C4B29581D077634004B3C30 /* Info.plist */ = {isa = PBXFileReference; lastKnownFileType = text.plist.xml; path = Info.plist; sourceTree = "<group>"; };
		2C4B29651D07903B004B3C30 /* Extensions.swift */ = {isa = PBXFileReference; fileEncoding = 4; lastKnownFileType = sourcecode.swift; name = Extensions.swift; path = Helpers/Extensions.swift; sourceTree = "<group>"; };
		2C4B29681D0790AC004B3C30 /* VideoCell.swift */ = {isa = PBXFileReference; fileEncoding = 4; lastKnownFileType = sourcecode.swift; name = VideoCell.swift; path = View/VideoCell.swift; sourceTree = "<group>"; };
		2C4B296E1D08D839004B3C30 /* MenuBar.swift */ = {isa = PBXFileReference; fileEncoding = 4; lastKnownFileType = sourcecode.swift; name = MenuBar.swift; path = View/MenuBar.swift; sourceTree = "<group>"; };
		2C7E198C1D10483D00638CE9 /* Video.swift */ = {isa = PBXFileReference; fileEncoding = 4; lastKnownFileType = sourcecode.swift; name = Video.swift; path = Model/Video.swift; sourceTree = "<group>"; };
		2C8FF3951D18844F00751368 /* SettingsLauncher.swift */ = {isa = PBXFileReference; fileEncoding = 4; lastKnownFileType = sourcecode.swift; name = SettingsLauncher.swift; path = Controller/SettingsLauncher.swift; sourceTree = "<group>"; };
		2CCDC8361D1C3FF400E2D83F /* SettingCell.swift */ = {isa = PBXFileReference; fileEncoding = 4; lastKnownFileType = sourcecode.swift; name = SettingCell.swift; path = View/SettingCell.swift; sourceTree = "<group>"; };
/* End PBXFileReference section */

/* Begin PBXFrameworksBuildPhase section */
		2C4B292D1D077634004B3C30 /* Frameworks */ = {
			isa = PBXFrameworksBuildPhase;
			buildActionMask = 2147483647;
			files = (
			);
			runOnlyForDeploymentPostprocessing = 0;
		};
		2C4B29441D077634004B3C30 /* Frameworks */ = {
			isa = PBXFrameworksBuildPhase;
			buildActionMask = 2147483647;
			files = (
			);
			runOnlyForDeploymentPostprocessing = 0;
		};
		2C4B294F1D077634004B3C30 /* Frameworks */ = {
			isa = PBXFrameworksBuildPhase;
			buildActionMask = 2147483647;
			files = (
			);
			runOnlyForDeploymentPostprocessing = 0;
		};
/* End PBXFrameworksBuildPhase section */

/* Begin PBXGroup section */
		2C3D611B1D26E1040046D2F9 /* ApiService */ = {
			isa = PBXGroup;
			children = (
				2C3D611C1D26E1190046D2F9 /* ApiService.swift */,
			);
			name = ApiService;
			sourceTree = "<group>";
		};
		2C4B29271D077634004B3C30 = {
			isa = PBXGroup;
			children = (
				2C4B29321D077634004B3C30 /* YouTube */,
				2C4B294A1D077634004B3C30 /* YouTubeTests */,
				2C4B29551D077634004B3C30 /* YouTubeUITests */,
				2C4B29311D077634004B3C30 /* Products */,
			);
			sourceTree = "<group>";
		};
		2C4B29311D077634004B3C30 /* Products */ = {
			isa = PBXGroup;
			children = (
				2C4B29301D077634004B3C30 /* YouTube.app */,
				2C4B29471D077634004B3C30 /* YouTubeTests.xctest */,
				2C4B29521D077634004B3C30 /* YouTubeUITests.xctest */,
			);
			name = Products;
			sourceTree = "<group>";
		};
		2C4B29321D077634004B3C30 /* YouTube */ = {
			isa = PBXGroup;
			children = (
				2C3D611B1D26E1040046D2F9 /* ApiService */,
				2C7E198B1D10482300638CE9 /* Model */,
				2C4B296A1D0790EE004B3C30 /* Controller */,
				2C4B29671D07906F004B3C30 /* View */,
				2C4B29641D079013004B3C30 /* Helpers */,
				2C4B29331D077634004B3C30 /* AppDelegate.swift */,
				2C4B29371D077634004B3C30 /* Main.storyboard */,
				2C4B293D1D077634004B3C30 /* Assets.xcassets */,
				2C4B293F1D077634004B3C30 /* LaunchScreen.storyboard */,
				2C4B29421D077634004B3C30 /* Info.plist */,
				2C4B293A1D077634004B3C30 /* YouTube.xcdatamodeld */,
			);
			path = YouTube;
			sourceTree = "<group>";
		};
		2C4B294A1D077634004B3C30 /* YouTubeTests */ = {
			isa = PBXGroup;
			children = (
				2C4B294B1D077634004B3C30 /* YouTubeTests.swift */,
				2C4B294D1D077634004B3C30 /* Info.plist */,
			);
			path = YouTubeTests;
			sourceTree = "<group>";
		};
		2C4B29551D077634004B3C30 /* YouTubeUITests */ = {
			isa = PBXGroup;
			children = (
				2C4B29561D077634004B3C30 /* YouTubeUITests.swift */,
				2C4B29581D077634004B3C30 /* Info.plist */,
			);
			path = YouTubeUITests;
			sourceTree = "<group>";
		};
		2C4B29641D079013004B3C30 /* Helpers */ = {
			isa = PBXGroup;
			children = (
				2C4B29651D07903B004B3C30 /* Extensions.swift */,
			);
			name = Helpers;
			sourceTree = "<group>";
		};
		2C4B29671D07906F004B3C30 /* View */ = {
			isa = PBXGroup;
			children = (
				2C4B29681D0790AC004B3C30 /* VideoCell.swift */,
				2C4B296E1D08D839004B3C30 /* MenuBar.swift */,
				2CCDC8361D1C3FF400E2D83F /* SettingCell.swift */,
				2C3D611E1D2AEAEF0046D2F9 /* FeedCell.swift */,
				2C23D5581D33527A003B7414 /* TrendingCell.swift */,
				2C23D55A1D33588F003B7414 /* SubscriptionCell.swift */,
			);
			name = View;
			sourceTree = "<group>";
		};
		2C4B296A1D0790EE004B3C30 /* Controller */ = {
			isa = PBXGroup;
			children = (
				2C4B29351D077634004B3C30 /* HomeViewController.swift */,
				2C8FF3951D18844F00751368 /* SettingsLauncher.swift */,
			);
			name = Controller;
			sourceTree = "<group>";
		};
		2C7E198B1D10482300638CE9 /* Model */ = {
			isa = PBXGroup;
			children = (
				2C7E198C1D10483D00638CE9 /* Video.swift */,
			);
			name = Model;
			sourceTree = "<group>";
		};
/* End PBXGroup section */

/* Begin PBXNativeTarget section */
		2C4B292F1D077634004B3C30 /* YouTube */ = {
			isa = PBXNativeTarget;
			buildConfigurationList = 2C4B295B1D077634004B3C30 /* Build configuration list for PBXNativeTarget "YouTube" */;
			buildPhases = (
				2C4B292C1D077634004B3C30 /* Sources */,
				2C4B292D1D077634004B3C30 /* Frameworks */,
				2C4B292E1D077634004B3C30 /* Resources */,
			);
			buildRules = (
			);
			dependencies = (
			);
			name = YouTube;
			productName = YouTube;
			productReference = 2C4B29301D077634004B3C30 /* YouTube.app */;
			productType = "com.apple.product-type.application";
		};
		2C4B29461D077634004B3C30 /* YouTubeTests */ = {
			isa = PBXNativeTarget;
			buildConfigurationList = 2C4B295E1D077634004B3C30 /* Build configuration list for PBXNativeTarget "YouTubeTests" */;
			buildPhases = (
				2C4B29431D077634004B3C30 /* Sources */,
				2C4B29441D077634004B3C30 /* Frameworks */,
				2C4B29451D077634004B3C30 /* Resources */,
			);
			buildRules = (
			);
			dependencies = (
				2C4B29491D077634004B3C30 /* PBXTargetDependency */,
			);
			name = YouTubeTests;
			productName = YouTubeTests;
			productReference = 2C4B29471D077634004B3C30 /* YouTubeTests.xctest */;
			productType = "com.apple.product-type.bundle.unit-test";
		};
		2C4B29511D077634004B3C30 /* YouTubeUITests */ = {
			isa = PBXNativeTarget;
			buildConfigurationList = 2C4B29611D077634004B3C30 /* Build configuration list for PBXNativeTarget "YouTubeUITests" */;
			buildPhases = (
				2C4B294E1D077634004B3C30 /* Sources */,
				2C4B294F1D077634004B3C30 /* Frameworks */,
				2C4B29501D077634004B3C30 /* Resources */,
			);
			buildRules = (
			);
			dependencies = (
				2C4B29541D077634004B3C30 /* PBXTargetDependency */,
			);
			name = YouTubeUITests;
			productName = YouTubeUITests;
			productReference = 2C4B29521D077634004B3C30 /* YouTubeUITests.xctest */;
			productType = "com.apple.product-type.bundle.ui-testing";
		};
/* End PBXNativeTarget section */

/* Begin PBXProject section */
		2C4B29281D077634004B3C30 /* Project object */ = {
			isa = PBXProject;
			attributes = {
				LastSwiftUpdateCheck = 0730;
				LastUpgradeCheck = 0730;
				ORGANIZATIONNAME = Dasoga;
				TargetAttributes = {
					2C4B292F1D077634004B3C30 = {
						CreatedOnToolsVersion = 7.3.1;
					};
					2C4B29461D077634004B3C30 = {
						CreatedOnToolsVersion = 7.3.1;
						TestTargetID = 2C4B292F1D077634004B3C30;
					};
					2C4B29511D077634004B3C30 = {
						CreatedOnToolsVersion = 7.3.1;
						TestTargetID = 2C4B292F1D077634004B3C30;
					};
				};
			};
			buildConfigurationList = 2C4B292B1D077634004B3C30 /* Build configuration list for PBXProject "YouTube" */;
			compatibilityVersion = "Xcode 3.2";
			developmentRegion = English;
			hasScannedForEncodings = 0;
			knownRegions = (
				en,
				Base,
			);
			mainGroup = 2C4B29271D077634004B3C30;
			productRefGroup = 2C4B29311D077634004B3C30 /* Products */;
			projectDirPath = "";
			projectRoot = "";
			targets = (
				2C4B292F1D077634004B3C30 /* YouTube */,
				2C4B29461D077634004B3C30 /* YouTubeTests */,
				2C4B29511D077634004B3C30 /* YouTubeUITests */,
			);
		};
/* End PBXProject section */

/* Begin PBXResourcesBuildPhase section */
		2C4B292E1D077634004B3C30 /* Resources */ = {
			isa = PBXResourcesBuildPhase;
			buildActionMask = 2147483647;
			files = (
				2C4B29411D077634004B3C30 /* LaunchScreen.storyboard in Resources */,
				2C4B293E1D077634004B3C30 /* Assets.xcassets in Resources */,
				2C4B29391D077634004B3C30 /* Main.storyboard in Resources */,
			);
			runOnlyForDeploymentPostprocessing = 0;
		};
		2C4B29451D077634004B3C30 /* Resources */ = {
			isa = PBXResourcesBuildPhase;
			buildActionMask = 2147483647;
			files = (
			);
			runOnlyForDeploymentPostprocessing = 0;
		};
		2C4B29501D077634004B3C30 /* Resources */ = {
			isa = PBXResourcesBuildPhase;
			buildActionMask = 2147483647;
			files = (
			);
			runOnlyForDeploymentPostprocessing = 0;
		};
/* End PBXResourcesBuildPhase section */

/* Begin PBXSourcesBuildPhase section */
		2C4B292C1D077634004B3C30 /* Sources */ = {
			isa = PBXSourcesBuildPhase;
			buildActionMask = 2147483647;
			files = (
				2C4B29691D0790AC004B3C30 /* VideoCell.swift in Sources */,
				2C4B293C1D077634004B3C30 /* YouTube.xcdatamodeld in Sources */,
				2C4B296F1D08D839004B3C30 /* MenuBar.swift in Sources */,
				2C4B29361D077634004B3C30 /* HomeViewController.swift in Sources */,
				2C3D611F1D2AEAEF0046D2F9 /* FeedCell.swift in Sources */,
				2C8FF3961D18844F00751368 /* SettingsLauncher.swift in Sources */,
				2C23D55B1D33588F003B7414 /* SubscriptionCell.swift in Sources */,
				2C4B29341D077634004B3C30 /* AppDelegate.swift in Sources */,
				2C3D611D1D26E1190046D2F9 /* ApiService.swift in Sources */,
				2C23D5591D33527A003B7414 /* TrendingCell.swift in Sources */,
				2C7E198D1D10483D00638CE9 /* Video.swift in Sources */,
				2C4B29661D07903B004B3C30 /* Extensions.swift in Sources */,
				2CCDC8371D1C3FF400E2D83F /* SettingCell.swift in Sources */,
			);
			runOnlyForDeploymentPostprocessing = 0;
		};
		2C4B29431D077634004B3C30 /* Sources */ = {
			isa = PBXSourcesBuildPhase;
			buildActionMask = 2147483647;
			files = (
				2C4B294C1D077634004B3C30 /* YouTubeTests.swift in Sources */,
			);
			runOnlyForDeploymentPostprocessing = 0;
		};
		2C4B294E1D077634004B3C30 /* Sources */ = {
			isa = PBXSourcesBuildPhase;
			buildActionMask = 2147483647;
			files = (
				2C4B29571D077634004B3C30 /* YouTubeUITests.swift in Sources */,
			);
			runOnlyForDeploymentPostprocessing = 0;
		};
/* End PBXSourcesBuildPhase section */

/* Begin PBXTargetDependency section */
		2C4B29491D077634004B3C30 /* PBXTargetDependency */ = {
			isa = PBXTargetDependency;
			target = 2C4B292F1D077634004B3C30 /* YouTube */;
			targetProxy = 2C4B29481D077634004B3C30 /* PBXContainerItemProxy */;
		};
		2C4B29541D077634004B3C30 /* PBXTargetDependency */ = {
			isa = PBXTargetDependency;
			target = 2C4B292F1D077634004B3C30 /* YouTube */;
			targetProxy = 2C4B29531D077634004B3C30 /* PBXContainerItemProxy */;
		};
/* End PBXTargetDependency section */

/* Begin PBXVariantGroup section */
		2C4B29371D077634004B3C30 /* Main.storyboard */ = {
			isa = PBXVariantGroup;
			children = (
				2C4B29381D077634004B3C30 /* Base */,
			);
			name = Main.storyboard;
			sourceTree = "<group>";
		};
		2C4B293F1D077634004B3C30 /* LaunchScreen.storyboard */ = {
			isa = PBXVariantGroup;
			children = (
				2C4B29401D077634004B3C30 /* Base */,
			);
			name = LaunchScreen.storyboard;
			sourceTree = "<group>";
		};
/* End PBXVariantGroup section */

/* Begin XCBuildConfiguration section */
		2C4B29591D077634004B3C30 /* Debug */ = {
			isa = XCBuildConfiguration;
			buildSettings = {
				ALWAYS_SEARCH_USER_PATHS = NO;
				CLANG_ANALYZER_NONNULL = YES;
				CLANG_CXX_LANGUAGE_STANDARD = "gnu++0x";
				CLANG_CXX_LIBRARY = "libc++";
				CLANG_ENABLE_MODULES = YES;
				CLANG_ENABLE_OBJC_ARC = YES;
				CLANG_WARN_BOOL_CONVERSION = YES;
				CLANG_WARN_CONSTANT_CONVERSION = YES;
				CLANG_WARN_DIRECT_OBJC_ISA_USAGE = YES_ERROR;
				CLANG_WARN_EMPTY_BODY = YES;
				CLANG_WARN_ENUM_CONVERSION = YES;
				CLANG_WARN_INT_CONVERSION = YES;
				CLANG_WARN_OBJC_ROOT_CLASS = YES_ERROR;
				CLANG_WARN_UNREACHABLE_CODE = YES;
				CLANG_WARN__DUPLICATE_METHOD_MATCH = YES;
				"CODE_SIGN_IDENTITY[sdk=iphoneos*]" = "iPhone Developer";
				COPY_PHASE_STRIP = NO;
				DEBUG_INFORMATION_FORMAT = dwarf;
				ENABLE_STRICT_OBJC_MSGSEND = YES;
				ENABLE_TESTABILITY = YES;
				GCC_C_LANGUAGE_STANDARD = gnu99;
				GCC_DYNAMIC_NO_PIC = NO;
				GCC_NO_COMMON_BLOCKS = YES;
				GCC_OPTIMIZATION_LEVEL = 0;
				GCC_PREPROCESSOR_DEFINITIONS = (
					"DEBUG=1",
					"$(inherited)",
				);
				GCC_WARN_64_TO_32_BIT_CONVERSION = YES;
				GCC_WARN_ABOUT_RETURN_TYPE = YES_ERROR;
				GCC_WARN_UNDECLARED_SELECTOR = YES;
				GCC_WARN_UNINITIALIZED_AUTOS = YES_AGGRESSIVE;
				GCC_WARN_UNUSED_FUNCTION = YES;
				GCC_WARN_UNUSED_VARIABLE = YES;
				IPHONEOS_DEPLOYMENT_TARGET = 9.3;
				MTL_ENABLE_DEBUG_INFO = YES;
				ONLY_ACTIVE_ARCH = YES;
				SDKROOT = iphoneos;
				SWIFT_OPTIMIZATION_LEVEL = "-Onone";
				TARGETED_DEVICE_FAMILY = "1,2";
			};
			name = Debug;
		};
		2C4B295A1D077634004B3C30 /* Release */ = {
			isa = XCBuildConfiguration;
			buildSettings = {
				ALWAYS_SEARCH_USER_PATHS = NO;
				CLANG_ANALYZER_NONNULL = YES;
				CLANG_CXX_LANGUAGE_STANDARD = "gnu++0x";
				CLANG_CXX_LIBRARY = "libc++";
				CLANG_ENABLE_MODULES = YES;
				CLANG_ENABLE_OBJC_ARC = YES;
				CLANG_WARN_BOOL_CONVERSION = YES;
				CLANG_WARN_CONSTANT_CONVERSION = YES;
				CLANG_WARN_DIRECT_OBJC_ISA_USAGE = YES_ERROR;
				CLANG_WARN_EMPTY_BODY = YES;
				CLANG_WARN_ENUM_CONVERSION = YES;
				CLANG_WARN_INT_CONVERSION = YES;
				CLANG_WARN_OBJC_ROOT_CLASS = YES_ERROR;
				CLANG_WARN_UNREACHABLE_CODE = YES;
				CLANG_WARN__DUPLICATE_METHOD_MATCH = YES;
				"CODE_SIGN_IDENTITY[sdk=iphoneos*]" = "iPhone Developer";
				COPY_PHASE_STRIP = NO;
				DEBUG_INFORMATION_FORMAT = "dwarf-with-dsym";
				ENABLE_NS_ASSERTIONS = NO;
				ENABLE_STRICT_OBJC_MSGSEND = YES;
				GCC_C_LANGUAGE_STANDARD = gnu99;
				GCC_NO_COMMON_BLOCKS = YES;
				GCC_WARN_64_TO_32_BIT_CONVERSION = YES;
				GCC_WARN_ABOUT_RETURN_TYPE = YES_ERROR;
				GCC_WARN_UNDECLARED_SELECTOR = YES;
				GCC_WARN_UNINITIALIZED_AUTOS = YES_AGGRESSIVE;
				GCC_WARN_UNUSED_FUNCTION = YES;
				GCC_WARN_UNUSED_VARIABLE = YES;
				IPHONEOS_DEPLOYMENT_TARGET = 9.3;
				MTL_ENABLE_DEBUG_INFO = NO;
				SDKROOT = iphoneos;
				TARGETED_DEVICE_FAMILY = "1,2";
				VALIDATE_PRODUCT = YES;
			};
			name = Release;
		};
		2C4B295C1D077634004B3C30 /* Debug */ = {
			isa = XCBuildConfiguration;
			buildSettings = {
				ASSETCATALOG_COMPILER_APPICON_NAME = AppIcon;
				INFOPLIST_FILE = YouTube/Info.plist;
				LD_RUNPATH_SEARCH_PATHS = "$(inherited) @executable_path/Frameworks";
				PRODUCT_BUNDLE_IDENTIFIER = com.dasoga.youtube.YouTube;
				PRODUCT_NAME = "$(TARGET_NAME)";
			};
			name = Debug;
		};
		2C4B295D1D077634004B3C30 /* Release */ = {
			isa = XCBuildConfiguration;
			buildSettings = {
				ASSETCATALOG_COMPILER_APPICON_NAME = AppIcon;
				INFOPLIST_FILE = YouTube/Info.plist;
				LD_RUNPATH_SEARCH_PATHS = "$(inherited) @executable_path/Frameworks";
				PRODUCT_BUNDLE_IDENTIFIER = com.dasoga.youtube.YouTube;
				PRODUCT_NAME = "$(TARGET_NAME)";
			};
			name = Release;
		};
		2C4B295F1D077634004B3C30 /* Debug */ = {
			isa = XCBuildConfiguration;
			buildSettings = {
				BUNDLE_LOADER = "$(TEST_HOST)";
				INFOPLIST_FILE = YouTubeTests/Info.plist;
				LD_RUNPATH_SEARCH_PATHS = "$(inherited) @executable_path/Frameworks @loader_path/Frameworks";
				PRODUCT_BUNDLE_IDENTIFIER = com.dasoga.youtube.YouTubeTests;
				PRODUCT_NAME = "$(TARGET_NAME)";
				TEST_HOST = "$(BUILT_PRODUCTS_DIR)/YouTube.app/YouTube";
			};
			name = Debug;
		};
		2C4B29601D077634004B3C30 /* Release */ = {
			isa = XCBuildConfiguration;
			buildSettings = {
				BUNDLE_LOADER = "$(TEST_HOST)";
				INFOPLIST_FILE = YouTubeTests/Info.plist;
				LD_RUNPATH_SEARCH_PATHS = "$(inherited) @executable_path/Frameworks @loader_path/Frameworks";
				PRODUCT_BUNDLE_IDENTIFIER = com.dasoga.youtube.YouTubeTests;
				PRODUCT_NAME = "$(TARGET_NAME)";
				TEST_HOST = "$(BUILT_PRODUCTS_DIR)/YouTube.app/YouTube";
			};
			name = Release;
		};
		2C4B29621D077634004B3C30 /* Debug */ = {
			isa = XCBuildConfiguration;
			buildSettings = {
				INFOPLIST_FILE = YouTubeUITests/Info.plist;
				LD_RUNPATH_SEARCH_PATHS = "$(inherited) @executable_path/Frameworks @loader_path/Frameworks";
				PRODUCT_BUNDLE_IDENTIFIER = com.dasoga.youtube.YouTubeUITests;
				PRODUCT_NAME = "$(TARGET_NAME)";
				TEST_TARGET_NAME = YouTube;
			};
			name = Debug;
		};
		2C4B29631D077634004B3C30 /* Release */ = {
			isa = XCBuildConfiguration;
			buildSettings = {
				INFOPLIST_FILE = YouTubeUITests/Info.plist;
				LD_RUNPATH_SEARCH_PATHS = "$(inherited) @executable_path/Frameworks @loader_path/Frameworks";
				PRODUCT_BUNDLE_IDENTIFIER = com.dasoga.youtube.YouTubeUITests;
				PRODUCT_NAME = "$(TARGET_NAME)";
				TEST_TARGET_NAME = YouTube;
			};
			name = Release;
		};
/* End XCBuildConfiguration section */

/* Begin XCConfigurationList section */
		2C4B292B1D077634004B3C30 /* Build configuration list for PBXProject "YouTube" */ = {
			isa = XCConfigurationList;
			buildConfigurations = (
				2C4B29591D077634004B3C30 /* Debug */,
				2C4B295A1D077634004B3C30 /* Release */,
			);
			defaultConfigurationIsVisible = 0;
			defaultConfigurationName = Release;
		};
		2C4B295B1D077634004B3C30 /* Build configuration list for PBXNativeTarget "YouTube" */ = {
			isa = XCConfigurationList;
			buildConfigurations = (
				2C4B295C1D077634004B3C30 /* Debug */,
				2C4B295D1D077634004B3C30 /* Release */,
			);
			defaultConfigurationIsVisible = 0;
			defaultConfigurationName = Release;
		};
		2C4B295E1D077634004B3C30 /* Build configuration list for PBXNativeTarget "YouTubeTests" */ = {
			isa = XCConfigurationList;
			buildConfigurations = (
				2C4B295F1D077634004B3C30 /* Debug */,
				2C4B29601D077634004B3C30 /* Release */,
			);
			defaultConfigurationIsVisible = 0;
			defaultConfigurationName = Release;
		};
		2C4B29611D077634004B3C30 /* Build configuration list for PBXNativeTarget "YouTubeUITests" */ = {
			isa = XCConfigurationList;
			buildConfigurations = (
				2C4B29621D077634004B3C30 /* Debug */,
				2C4B29631D077634004B3C30 /* Release */,
			);
			defaultConfigurationIsVisible = 0;
			defaultConfigurationName = Release;
		};
/* End XCConfigurationList section */

/* Begin XCVersionGroup section */
		2C4B293A1D077634004B3C30 /* YouTube.xcdatamodeld */ = {
			isa = XCVersionGroup;
			children = (
				2C4B293B1D077634004B3C30 /* YouTube.xcdatamodel */,
			);
			currentVersion = 2C4B293B1D077634004B3C30 /* YouTube.xcdatamodel */;
			path = YouTube.xcdatamodeld;
			sourceTree = "<group>";
			versionGroupType = wrapper.xcdatamodel;
		};
/* End XCVersionGroup section */
	};
	rootObject = 2C4B29281D077634004B3C30 /* Project object */;
}
